lockfileVersion: '6.0'

settings:
  autoInstallPeers: true
  excludeLinksFromLockfile: false

devDependencies:
  '@biomejs/biome':
    specifier: ^1.1.2
    version: 1.1.2
  husky:
    specifier: ^8.0.3
    version: 8.0.3

packages:

  /@biomejs/biome@1.1.2:
    resolution: {integrity: sha512-JEVWchqo0Xhl86IJgOh0xESWnNRUXBUDByCBR8TA4lIPzm/6U6Tv77+MblNkZ8MvwCtP6PlBNGdQcGKKabtuHA==}
    engines: {node: '>=14.*'}
    hasBin: true
    requiresBuild: true
    optionalDependencies:
      '@biomejs/cli-darwin-arm64': 1.1.2
      '@biomejs/cli-darwin-x64': 1.1.2
      '@biomejs/cli-linux-arm64': 1.1.2
      '@biomejs/cli-linux-x64': 1.1.2
      '@biomejs/cli-win32-arm64': 1.1.2
      '@biomejs/cli-win32-x64': 1.1.2
    dev: true

  /@biomejs/cli-darwin-arm64@1.1.2:
    resolution: {integrity: sha512-YyqWeNZchPxlvxtdo2vMBkzrwllaNS3+DZ6j01mUCVIZE9kAzF/edMV2O38L2AEtnRLU1TI1f71Jai3ThILClg==}
    engines: {node: '>=14.*'}
    cpu: [arm64]
    os: [darwin]
    requiresBuild: true
    dev: true
    optional: true

  /@biomejs/cli-darwin-x64@1.1.2:
    resolution: {integrity: sha512-Sofxcu50AHJyQS6Xx3OF2egQQ7Un5YFVF5/umNFa+kSNrrCu/ucmzrk8FcGS2dOSs4L2LqD6ZDWjvbcikjzLYQ==}
    engines: {node: '>=14.*'}
    cpu: [x64]
    os: [darwin]
    requiresBuild: true
    dev: true
    optional: true

  /@biomejs/cli-linux-arm64@1.1.2:
    resolution: {integrity: sha512-wtaQgpoVMZEKf1GlDlFGAJP1j6gnh4L4kJN8PQPOBAdKIUZ/YSjqVp0z28vli5xCQ57xCn1gH4Xoqw2gVYu1tQ==}
    engines: {node: '>=14.*'}
    cpu: [arm64]
    os: [linux]
    requiresBuild: true
    dev: true
    optional: true

  /@biomejs/cli-linux-x64@1.1.2:
    resolution: {integrity: sha512-TYIUjCXbY+kxnJgv8GESplMagB1GdOcMV21JGRATqnhUI4BvG6sjs3gfi+sdjLBQdbHhsISXW3yfUlv07HKqhg==}
    engines: {node: '>=14.*'}
    cpu: [x64]
    os: [linux]
    requiresBuild: true
    dev: true
    optional: true

  /@biomejs/cli-win32-arm64@1.1.2:
    resolution: {integrity: sha512-yApn85KuJ+Ty5zxbqWnaifX4ONtZG+snu12RNKi8fxSVVCXzQ/k2PfsWQbsyvCG05qshSvNKtM54cuf+vhUIsw==}
    engines: {node: '>=14.*'}
    cpu: [arm64]
    os: [win32]
    requiresBuild: true
    dev: true
    optional: true

  /@biomejs/cli-win32-x64@1.1.2:
    resolution: {integrity: sha512-qebNvIrFj2TJ+K0JVGo1HkgV2y5jis6aOZDC1SWuk53GnqjSLdR+p1v86ZByOjYr1v+tjc67EXmEepk06VVvpA==}
    engines: {node: '>=14.*'}
    cpu: [x64]
    os: [win32]
    requiresBuild: true
    dev: true
    optional: true

  /husky@8.0.3:
    resolution: {integrity: sha512-+dQSyqPh4x1hlO1swXBiNb2HzTDN1I2IGLQx1GrBuiqFJfoMrnZWwVmatvSiO+Iz8fBUnf+lekwNo4c2LlXItg==}
    engines: {node: '>=14'}
    hasBin: true
    dev: true
